
Microsoft Visual Studio Solution File, Format Version 11.00
# Visual Studio 2010
Project("{FAE04EC0-301F-11D3-BF4B-00C04F79EFBC}") = "online3D", "online3D\online3D.csproj", "{420B893E-F569-4989-AF59-6526B7F3F077}"
EndProject
Project("{2150E333-8FDC-42A3-9474-1A3956D46DE8}") = "Solution Items", "Solution Items", "{7FEFFC91-B697-4D6E-85CD-E1C5A736ABCC}"
	ProjectSection(SolutionItems) = preProject
		online3D.vsmdi = online3D.vsmdi
	EndProjectSection
EndProject
Global
	GlobalSection(TestCaseManagementSettings) = postSolution
		CategoryFile = online3D.vsmdi
	EndGlobalSection
	GlobalSection(SolutionConfigurationPlatforms) = preSolution
		Debug|Any CPU = Debug|Any CPU
		Release|Any CPU = Release|Any CPU
	EndGlobalSection
	GlobalSection(ProjectConfigurationPlatforms) = postSolution
		{420B893E-F569-4989-AF59-6526B7F3F077}.Debug|Any CPU.ActiveCfg = Debug|Any CPU
		{420B893E-F569-4989-AF59-6526B7F3F077}.Debug|Any CPU.Build.0 = Debug|Any CPU
		{420B893E-F569-4989-AF59-6526B7F3F077}.Release|Any CPU.ActiveCfg = Release|Any CPU
		{420B893E-F569-4989-AF59-6526B7F3F077}.Release|Any CPU.Build.0 = Release|Any CPU
	EndGlobalSection
	GlobalSection(SolutionProperties) = preSolution
		HideSolutionNode = FALSE
	EndGlobalSection
EndGlobal
