
Microsoft Visual Studio Solution File, Format Version 11.00
# Visual Web Developer Express 2010
Project("{FAE04EC0-301F-11D3-BF4B-00C04F79EFBC}") = "online3D", "online3D\online3D.csproj", "{420B893E-F569-4989-AF59-6526B7F3F077}"
EndProject
Global
	GlobalSection(SolutionConfigurationPlatforms) = preSolution
		Debug|Any CPU = Debug|Any CPU
		Release|Any CPU = Release|Any CPU
	EndGlobalSection
	GlobalSection(ProjectConfigurationPlatforms) = postSolution
		{420B893E-F569-4989-AF59-6526B7F3F077}.Debug|Any CPU.ActiveCfg = Debug|Any CPU
		{420B893E-F569-4989-AF59-6526B7F3F077}.Debug|Any CPU.Build.0 = Debug|Any CPU
		{420B893E-F569-4989-AF59-6526B7F3F077}.Release|Any CPU.ActiveCfg = Release|Any CPU
		{420B893E-F569-4989-AF59-6526B7F3F077}.Release|Any CPU.Build.0 = Release|Any CPU
	EndGlobalSection
	GlobalSection(SolutionProperties) = preSolution
		HideSolutionNode = FALSE
	EndGlobalSection
EndGlobal
